// !$*UTF8*$!
{
	archiveVersion = 1;
	classes = {
	};
	objectVersion = 50;
	objects = {

/* Begin PBXBuildFile section */
		F0A4D95B28BB23E5002A7507 /* MapView.swift in Sources */ = {isa = PBXBuildFile; fileRef = F0A4D95A28BB23E5002A7507 /* MapView.swift */; };
		F0A4D95C28BB23E5002A7507 /* MapView.swift in Sources */ = {isa = PBXBuildFile; fileRef = F0A4D95A28BB23E5002A7507 /* MapView.swift */; };
		F0A4D95E28BB2700002A7507 /* CircleImage.swift in Sources */ = {isa = PBXBuildFile; fileRef = F0A4D95D28BB2700002A7507 /* CircleImage.swift */; };
		F0A4D95F28BB2700002A7507 /* CircleImage.swift in Sources */ = {isa = PBXBuildFile; fileRef = F0A4D95D28BB2700002A7507 /* CircleImage.swift */; };
		F0EB47852867175C0026EAAF /* Nova_VideoApp.swift in Sources */ = {isa = PBXBuildFile; fileRef = F0EB4772286717510026EAAF /* Nova_VideoApp.swift */; };
		F0EB47862867175C0026EAAF /* Nova_VideoApp.swift in Sources */ = {isa = PBXBuildFile; fileRef = F0EB4772286717510026EAAF /* Nova_VideoApp.swift */; };
		F0EB47872867175C0026EAAF /* ContentView.swift in Sources */ = {isa = PBXBuildFile; fileRef = F0EB4773286717510026EAAF /* ContentView.swift */; };
		F0EB47882867175C0026EAAF /* ContentView.swift in Sources */ = {isa = PBXBuildFile; fileRef = F0EB4773286717510026EAAF /* ContentView.swift */; };
		F0EB47892867175C0026EAAF /* Assets.xcassets in Resources */ = {isa = PBXBuildFile; fileRef = F0EB47742867175C0026EAAF /* Assets.xcassets */; };
		F0EB478A2867175C0026EAAF /* Assets.xcassets in Resources */ = {isa = PBXBuildFile; fileRef = F0EB47742867175C0026EAAF /* Assets.xcassets */; };
/* End PBXBuildFile section */

/* Begin PBXFileReference section */
		F0A4D95A28BB23E5002A7507 /* MapView.swift */ = {isa = PBXFileReference; lastKnownFileType = sourcecode.swift; path = MapView.swift; sourceTree = "<group>"; };
		F0A4D95D28BB2700002A7507 /* CircleImage.swift */ = {isa = PBXFileReference; lastKnownFileType = sourcecode.swift; path = CircleImage.swift; sourceTree = "<group>"; };
		F0EB4772286717510026EAAF /* Nova_VideoApp.swift */ = {isa = PBXFileReference; lastKnownFileType = sourcecode.swift; path = Nova_VideoApp.swift; sourceTree = "<group>"; };
		F0EB4773286717510026EAAF /* ContentView.swift */ = {isa = PBXFileReference; lastKnownFileType = sourcecode.swift; path = ContentView.swift; sourceTree = "<group>"; };
		F0EB47742867175C0026EAAF /* Assets.xcassets */ = {isa = PBXFileReference; lastKnownFileType = folder.assetcatalog; path = Assets.xcassets; sourceTree = "<group>"; };
		F0EB47792867175C0026EAAF /* Nova-Video.app */ = {isa = PBXFileReference; explicitFileType = wrapper.application; includeInIndex = 0; path = "Nova-Video.app"; sourceTree = BUILT_PRODUCTS_DIR; };
		F0EB477C2867175C0026EAAF /* Info.plist */ = {isa = PBXFileReference; lastKnownFileType = text.plist.xml; path = Info.plist; sourceTree = "<group>"; };
		F0EB47812867175C0026EAAF /* Nova-Video.app */ = {isa = PBXFileReference; explicitFileType = wrapper.application; includeInIndex = 0; path = "Nova-Video.app"; sourceTree = BUILT_PRODUCTS_DIR; };
		F0EB47832867175C0026EAAF /* Info.plist */ = {isa = PBXFileReference; lastKnownFileType = text.plist.xml; path = Info.plist; sourceTree = "<group>"; };
		F0EB47842867175C0026EAAF /* macOS.entitlements */ = {isa = PBXFileReference; lastKnownFileType = text.plist.entitlements; path = macOS.entitlements; sourceTree = "<group>"; };
/* End PBXFileReference section */

/* Begin PBXFrameworksBuildPhase section */
		F0EB47762867175C0026EAAF /* Frameworks */ = {
			isa = PBXFrameworksBuildPhase;
			buildActionMask = 2147483647;
			files = (
			);
			runOnlyForDeploymentPostprocessing = 0;
		};
		F0EB477E2867175C0026EAAF /* Frameworks */ = {
			isa = PBXFrameworksBuildPhase;
			buildActionMask = 2147483647;
			files = (
			);
			runOnlyForDeploymentPostprocessing = 0;
		};
/* End PBXFrameworksBuildPhase section */

/* Begin PBXGroup section */
		F0EB476C286717500026EAAF = {
			isa = PBXGroup;
			children = (
				F0EB4771286717510026EAAF /* Shared */,
				F0EB477B2867175C0026EAAF /* iOS */,
				F0EB47822867175C0026EAAF /* macOS */,
				F0EB477A2867175C0026EAAF /* Products */,
			);
			sourceTree = "<group>";
		};
		F0EB4771286717510026EAAF /* Shared */ = {
			isa = PBXGroup;
			children = (
				F0EB4772286717510026EAAF /* Nova_VideoApp.swift */,
				F0EB4773286717510026EAAF /* ContentView.swift */,
				F0A4D95A28BB23E5002A7507 /* MapView.swift */,
				F0A4D95D28BB2700002A7507 /* CircleImage.swift */,
				F0EB47742867175C0026EAAF /* Assets.xcassets */,
			);
			path = Shared;
			sourceTree = "<group>";
		};
		F0EB477A2867175C0026EAAF /* Products */ = {
			isa = PBXGroup;
			children = (
				F0EB47792867175C0026EAAF /* Nova-Video.app */,
				F0EB47812867175C0026EAAF /* Nova-Video.app */,
			);
			name = Products;
			sourceTree = "<group>";
		};
		F0EB477B2867175C0026EAAF /* iOS */ = {
			isa = PBXGroup;
			children = (
				F0EB477C2867175C0026EAAF /* Info.plist */,
			);
			path = iOS;
			sourceTree = "<group>";
		};
		F0EB47822867175C0026EAAF /* macOS */ = {
			isa = PBXGroup;
			children = (
				F0EB47832867175C0026EAAF /* Info.plist */,
				F0EB47842867175C0026EAAF /* macOS.entitlements */,
			);
			path = macOS;
			sourceTree = "<group>";
		};
/* End PBXGroup section */

/* Begin PBXNativeTarget section */
		F0EB47782867175C0026EAAF /* Nova-Video (iOS) */ = {
			isa = PBXNativeTarget;
			buildConfigurationList = F0EB478D2867175C0026EAAF /* Build configuration list for PBXNativeTarget "Nova-Video (iOS)" */;
			buildPhases = (
				F0EB47752867175C0026EAAF /* Sources */,
				F0EB47762867175C0026EAAF /* Frameworks */,
				F0EB47772867175C0026EAAF /* Resources */,
			);
			buildRules = (
			);
			dependencies = (
			);
			name = "Nova-Video (iOS)";
			productName = "Nova-Video (iOS)";
			productReference = F0EB47792867175C0026EAAF /* Nova-Video.app */;
			productType = "com.apple.product-type.application";
		};
		F0EB47802867175C0026EAAF /* Nova-Video (macOS) */ = {
			isa = PBXNativeTarget;
			buildConfigurationList = F0EB47902867175C0026EAAF /* Build configuration list for PBXNativeTarget "Nova-Video (macOS)" */;
			buildPhases = (
				F0EB477D2867175C0026EAAF /* Sources */,
				F0EB477E2867175C0026EAAF /* Frameworks */,
				F0EB477F2867175C0026EAAF /* Resources */,
			);
			buildRules = (
			);
			dependencies = (
			);
			name = "Nova-Video (macOS)";
			productName = "Nova-Video (macOS)";
			productReference = F0EB47812867175C0026EAAF /* Nova-Video.app */;
			productType = "com.apple.product-type.application";
		};
/* End PBXNativeTarget section */

/* Begin PBXProject section */
		F0EB476D286717500026EAAF /* Project object */ = {
			isa = PBXProject;
			attributes = {
				LastSwiftUpdateCheck = 1240;
				LastUpgradeCheck = 1240;
				TargetAttributes = {
					F0EB47782867175C0026EAAF = {
						CreatedOnToolsVersion = 12.4;
					};
					F0EB47802867175C0026EAAF = {
						CreatedOnToolsVersion = 12.4;
					};
				};
			};
			buildConfigurationList = F0EB4770286717500026EAAF /* Build configuration list for PBXProject "Nova-Video" */;
			compatibilityVersion = "Xcode 9.3";
			developmentRegion = en;
			hasScannedForEncodings = 0;
			knownRegions = (
				en,
				Base,
			);
			mainGroup = F0EB476C286717500026EAAF;
			productRefGroup = F0EB477A2867175C0026EAAF /* Products */;
			projectDirPath = "";
			projectRoot = "";
			targets = (
				F0EB47782867175C0026EAAF /* Nova-Video (iOS) */,
				F0EB47802867175C0026EAAF /* Nova-Video (macOS) */,
			);
		};
/* End PBXProject section */

/* Begin PBXResourcesBuildPhase section */
		F0EB47772867175C0026EAAF /* Resources */ = {
			isa = PBXResourcesBuildPhase;
			buildActionMask = 2147483647;
			files = (
				F0EB47892867175C0026EAAF /* Assets.xcassets in Resources */,
			);
			runOnlyForDeploymentPostprocessing = 0;
		};
		F0EB477F2867175C0026EAAF /* Resources */ = {
			isa = PBXResourcesBuildPhase;
			buildActionMask = 2147483647;
			files = (
				F0EB478A2867175C0026EAAF /* Assets.xcassets in Resources */,
			);
			runOnlyForDeploymentPostprocessing = 0;
		};
/* End PBXResourcesBuildPhase section */

/* Begin PBXSourcesBuildPhase section */
		F0EB47752867175C0026EAAF /* Sources */ = {
			isa = PBXSourcesBuildPhase;
			buildActionMask = 2147483647;
			files = (
				F0EB47872867175C0026EAAF /* ContentView.swift in Sources */,
				F0A4D95E28BB2700002A7507 /* CircleImage.swift in Sources */,
				F0A4D95B28BB23E5002A7507 /* MapView.swift in Sources */,
				F0EB47852867175C0026EAAF /* Nova_VideoApp.swift in Sources */,
			);
			runOnlyForDeploymentPostprocessing = 0;
		};
		F0EB477D2867175C0026EAAF /* Sources */ = {
			isa = PBXSourcesBuildPhase;
			buildActionMask = 2147483647;
			files = (
				F0EB47882867175C0026EAAF /* ContentView.swift in Sources */,
				F0A4D95F28BB2700002A7507 /* CircleImage.swift in Sources */,
				F0A4D95C28BB23E5002A7507 /* MapView.swift in Sources */,
				F0EB47862867175C0026EAAF /* Nova_VideoApp.swift in Sources */,
			);
			runOnlyForDeploymentPostprocessing = 0;
		};
/* End PBXSourcesBuildPhase section */

/* Begin XCBuildConfiguration section */
		F0EB478B2867175C0026EAAF /* Debug */ = {
			isa = XCBuildConfiguration;
			buildSettings = {
				ALWAYS_SEARCH_USER_PATHS = NO;
				CLANG_ANALYZER_NONNULL = YES;
				CLANG_ANALYZER_NUMBER_OBJECT_CONVERSION = YES_AGGRESSIVE;
				CLANG_CXX_LANGUAGE_STANDARD = "gnu++14";
				CLANG_CXX_LIBRARY = "libc++";
				CLANG_ENABLE_MODULES = YES;
				CLANG_ENABLE_OBJC_ARC = YES;
				CLANG_ENABLE_OBJC_WEAK = YES;
				CLANG_WARN_BLOCK_CAPTURE_AUTORELEASING = YES;
				CLANG_WARN_BOOL_CONVERSION = YES;
				CLANG_WARN_COMMA = YES;
				CLANG_WARN_CONSTANT_CONVERSION = YES;
				CLANG_WARN_DEPRECATED_OBJC_IMPLEMENTATIONS = YES;
				CLANG_WARN_DIRECT_OBJC_ISA_USAGE = YES_ERROR;
				CLANG_WARN_DOCUMENTATION_COMMENTS = YES;
				CLANG_WARN_EMPTY_BODY = YES;
				CLANG_WARN_ENUM_CONVERSION = YES;
				CLANG_WARN_INFINITE_RECURSION = YES;
				CLANG_WARN_INT_CONVERSION = YES;
				CLANG_WARN_NON_LITERAL_NULL_CONVERSION = YES;
				CLANG_WARN_OBJC_IMPLICIT_RETAIN_SELF = YES;
				CLANG_WARN_OBJC_LITERAL_CONVERSION = YES;
				CLANG_WARN_OBJC_ROOT_CLASS = YES_ERROR;
				CLANG_WARN_QUOTED_INCLUDE_IN_FRAMEWORK_HEADER = YES;
				CLANG_WARN_RANGE_LOOP_ANALYSIS = YES;
				CLANG_WARN_STRICT_PROTOTYPES = YES;
				CLANG_WARN_SUSPICIOUS_MOVE = YES;
				CLANG_WARN_UNGUARDED_AVAILABILITY = YES_AGGRESSIVE;
				CLANG_WARN_UNREACHABLE_CODE = YES;
				CLANG_WARN__DUPLICATE_METHOD_MATCH = YES;
				COPY_PHASE_STRIP = NO;
				DEBUG_INFORMATION_FORMAT = dwarf;
				ENABLE_STRICT_OBJC_MSGSEND = YES;
				ENABLE_TESTABILITY = YES;
				GCC_C_LANGUAGE_STANDARD = gnu11;
				GCC_DYNAMIC_NO_PIC = NO;
				GCC_NO_COMMON_BLOCKS = YES;
				GCC_OPTIMIZATION_LEVEL = 0;
				GCC_PREPROCESSOR_DEFINITIONS = (
					"DEBUG=1",
					"$(inherited)",
				);
				GCC_WARN_64_TO_32_BIT_CONVERSION = YES;
				GCC_WARN_ABOUT_RETURN_TYPE = YES_ERROR;
				GCC_WARN_UNDECLARED_SELECTOR = YES;
				GCC_WARN_UNINITIALIZED_AUTOS = YES_AGGRESSIVE;
				GCC_WARN_UNUSED_FUNCTION = YES;
				GCC_WARN_UNUSED_VARIABLE = YES;
				MTL_ENABLE_DEBUG_INFO = INCLUDE_SOURCE;
				MTL_FAST_MATH = YES;
				ONLY_ACTIVE_ARCH = YES;
				SWIFT_ACTIVE_COMPILATION_CONDITIONS = DEBUG;
				SWIFT_OPTIMIZATION_LEVEL = "-Onone";
			};
			name = Debug;
		};
		F0EB478C2867175C0026EAAF /* Release */ = {
			isa = XCBuildConfiguration;
			buildSettings = {
				ALWAYS_SEARCH_USER_PATHS = NO;
				CLANG_ANALYZER_NONNULL = YES;
				CLANG_ANALYZER_NUMBER_OBJECT_CONVERSION = YES_AGGRESSIVE;
				CLANG_CXX_LANGUAGE_STANDARD = "gnu++14";
				CLANG_CXX_LIBRARY = "libc++";
				CLANG_ENABLE_MODULES = YES;
				CLANG_ENABLE_OBJC_ARC = YES;
				CLANG_ENABLE_OBJC_WEAK = YES;
				CLANG_WARN_BLOCK_CAPTURE_AUTORELEASING = YES;
				CLANG_WARN_BOOL_CONVERSION = YES;
				CLANG_WARN_COMMA = YES;
				CLANG_WARN_CONSTANT_CONVERSION = YES;
				CLANG_WARN_DEPRECATED_OBJC_IMPLEMENTATIONS = YES;
				CLANG_WARN_DIRECT_OBJC_ISA_USAGE = YES_ERROR;
				CLANG_WARN_DOCUMENTATION_COMMENTS = YES;
				CLANG_WARN_EMPTY_BODY = YES;
				CLANG_WARN_ENUM_CONVERSION = YES;
				CLANG_WARN_INFINITE_RECURSION = YES;
				CLANG_WARN_INT_CONVERSION = YES;
				CLANG_WARN_NON_LITERAL_NULL_CONVERSION = YES;
				CLANG_WARN_OBJC_IMPLICIT_RETAIN_SELF = YES;
				CLANG_WARN_OBJC_LITERAL_CONVERSION = YES;
				CLANG_WARN_OBJC_ROOT_CLASS = YES_ERROR;
				CLANG_WARN_QUOTED_INCLUDE_IN_FRAMEWORK_HEADER = YES;
				CLANG_WARN_RANGE_LOOP_ANALYSIS = YES;
				CLANG_WARN_STRICT_PROTOTYPES = YES;
				CLANG_WARN_SUSPICIOUS_MOVE = YES;
				CLANG_WARN_UNGUARDED_AVAILABILITY = YES_AGGRESSIVE;
				CLANG_WARN_UNREACHABLE_CODE = YES;
				CLANG_WARN__DUPLICATE_METHOD_MATCH = YES;
				COPY_PHASE_STRIP = NO;
				DEBUG_INFORMATION_FORMAT = "dwarf-with-dsym";
				ENABLE_NS_ASSERTIONS = NO;
				ENABLE_STRICT_OBJC_MSGSEND = YES;
				GCC_C_LANGUAGE_STANDARD = gnu11;
				GCC_NO_COMMON_BLOCKS = YES;
				GCC_WARN_64_TO_32_BIT_CONVERSION = YES;
				GCC_WARN_ABOUT_RETURN_TYPE = YES_ERROR;
				GCC_WARN_UNDECLARED_SELECTOR = YES;
				GCC_WARN_UNINITIALIZED_AUTOS = YES_AGGRESSIVE;
				GCC_WARN_UNUSED_FUNCTION = YES;
				GCC_WARN_UNUSED_VARIABLE = YES;
				MTL_ENABLE_DEBUG_INFO = NO;
				MTL_FAST_MATH = YES;
				SWIFT_COMPILATION_MODE = wholemodule;
				SWIFT_OPTIMIZATION_LEVEL = "-O";
			};
			name = Release;
		};
		F0EB478E2867175C0026EAAF /* Debug */ = {
			isa = XCBuildConfiguration;
			buildSettings = {
				ASSETCATALOG_COMPILER_APPICON_NAME = AppIcon;
				ASSETCATALOG_COMPILER_GLOBAL_ACCENT_COLOR_NAME = AccentColor;
				CODE_SIGN_STYLE = Automatic;
				ENABLE_PREVIEWS = YES;
				INFOPLIST_FILE = iOS/Info.plist;
				IPHONEOS_DEPLOYMENT_TARGET = 14.0;
				LD_RUNPATH_SEARCH_PATHS = (
					"$(inherited)",
					"@executable_path/Frameworks",
				);
				PRODUCT_BUNDLE_IDENTIFIER = "studying-english-app.Nova-Video";
				PRODUCT_NAME = "Nova-Video";
				SDKROOT = iphoneos;
				SWIFT_VERSION = 5.0;
				TARGETED_DEVICE_FAMILY = "1,2";
			};
			name = Debug;
		};
		F0EB478F2867175C0026EAAF /* Release */ = {
			isa = XCBuildConfiguration;
			buildSettings = {
				ASSETCATALOG_COMPILER_APPICON_NAME = AppIcon;
				ASSETCATALOG_COMPILER_GLOBAL_ACCENT_COLOR_NAME = AccentColor;
				CODE_SIGN_STYLE = Automatic;
				ENABLE_PREVIEWS = YES;
				INFOPLIST_FILE = iOS/Info.plist;
				IPHONEOS_DEPLOYMENT_TARGET = 14.0;
				LD_RUNPATH_SEARCH_PATHS = (
					"$(inherited)",
					"@executable_path/Frameworks",
				);
				PRODUCT_BUNDLE_IDENTIFIER = "studying-english-app.Nova-Video";
				PRODUCT_NAME = "Nova-Video";
				SDKROOT = iphoneos;
				SWIFT_VERSION = 5.0;
				TARGETED_DEVICE_FAMILY = "1,2";
				VALIDATE_PRODUCT = YES;
			};
			name = Release;
		};
		F0EB47912867175C0026EAAF /* Debug */ = {
			isa = XCBuildConfiguration;
			buildSettings = {
				ASSETCATALOG_COMPILER_APPICON_NAME = AppIcon;
				ASSETCATALOG_COMPILER_GLOBAL_ACCENT_COLOR_NAME = AccentColor;
				CODE_SIGN_ENTITLEMENTS = macOS/macOS.entitlements;
				CODE_SIGN_STYLE = Automatic;
				COMBINE_HIDPI_IMAGES = YES;
				ENABLE_PREVIEWS = YES;
				INFOPLIST_FILE = macOS/Info.plist;
				LD_RUNPATH_SEARCH_PATHS = (
					"$(inherited)",
					"@executable_path/../Frameworks",
				);
				MACOSX_DEPLOYMENT_TARGET = 11.0;
				PRODUCT_BUNDLE_IDENTIFIER = "studying-english-app.Nova-Video";
				PRODUCT_NAME = "Nova-Video";
				SDKROOT = macosx;
				SWIFT_VERSION = 5.0;
			};
			name = Debug;
		};
		F0EB47922867175C0026EAAF /* Release */ = {
			isa = XCBuildConfiguration;
			buildSettings = {
				ASSETCATALOG_COMPILER_APPICON_NAME = AppIcon;
				ASSETCATALOG_COMPILER_GLOBAL_ACCENT_COLOR_NAME = AccentColor;
				CODE_SIGN_ENTITLEMENTS = macOS/macOS.entitlements;
				CODE_SIGN_STYLE = Automatic;
				COMBINE_HIDPI_IMAGES = YES;
				ENABLE_PREVIEWS = YES;
				INFOPLIST_FILE = macOS/Info.plist;
				LD_RUNPATH_SEARCH_PATHS = (
					"$(inherited)",
					"@executable_path/../Frameworks",
				);
				MACOSX_DEPLOYMENT_TARGET = 11.0;
				PRODUCT_BUNDLE_IDENTIFIER = "studying-english-app.Nova-Video";
				PRODUCT_NAME = "Nova-Video";
				SDKROOT = macosx;
				SWIFT_VERSION = 5.0;
			};
			name = Release;
		};
/* End XCBuildConfiguration section */

/* Begin XCConfigurationList section */
		F0EB4770286717500026EAAF /* Build configuration list for PBXProject "Nova-Video" */ = {
			isa = XCConfigurationList;
			buildConfigurations = (
				F0EB478B2867175C0026EAAF /* Debug */,
				F0EB478C2867175C0026EAAF /* Release */,
			);
			defaultConfigurationIsVisible = 0;
			defaultConfigurationName = Release;
		};
		F0EB478D2867175C0026EAAF /* Build configuration list for PBXNativeTarget "Nova-Video (iOS)" */ = {
			isa = XCConfigurationList;
			buildConfigurations = (
				F0EB478E2867175C0026EAAF /* Debug */,
				F0EB478F2867175C0026EAAF /* Release */,
			);
			defaultConfigurationIsVisible = 0;
			defaultConfigurationName = Release;
		};
		F0EB47902867175C0026EAAF /* Build configuration list for PBXNativeTarget "Nova-Video (macOS)" */ = {
			isa = XCConfigurationList;
			buildConfigurations = (
				F0EB47912867175C0026EAAF /* Debug */,
				F0EB47922867175C0026EAAF /* Release */,
			);
			defaultConfigurationIsVisible = 0;
			defaultConfigurationName = Release;
		};
/* End XCConfigurationList section */
	};
	rootObject = F0EB476D286717500026EAAF /* Project object */;
}
